PODS:
  - BmobSDK (1.7.2)
  - SVProgressHUD (2.1.2)

DEPENDENCIES:
  - BmobSDK (~> 1.7.0)
  - SVProgressHUD (~> 2.1)

SPEC CHECKSUMS:
  BmobSDK: e188cb31d6a8417ab668aee821da227d7512b865
  SVProgressHUD: c404a55d78acbeb7ebb78b76d3faf986475a6994

PODFILE CHECKSUM: 3681e78e5cfa0ab5963fc7b84a81ea85348999f4

COCOAPODS: 1.2.1
